
Microsoft Visual Studio Solution File, Format Version 12.00
# Visual Studio Version 17
VisualStudioVersion = 17.8.34525.116
MinimumVisualStudioVersion = 10.0.40219.1
Project("{FAE04EC0-301F-11D3-BF4B-00C04F79EFBC}") = "Beadando", "Beadando\Beadando.csproj", "{03678470-CCAE-4746-897A-2A8323D07CF9}"
EndProject
Project("{FAE04EC0-301F-11D3-BF4B-00C04F79EFBC}") = "DLL2", "DLL2\DLL2.csproj", "{7472B68D-50F4-4487-9FAE-38D820E9F2A3}"
EndProject
Global
	GlobalSection(SolutionConfigurationPlatforms) = preSolution
		Debug|Any CPU = Debug|Any CPU
		Release|Any CPU = Release|Any CPU
	EndGlobalSection
	GlobalSection(ProjectConfigurationPlatforms) = postSolution
		{03678470-CCAE-4746-897A-2A8323D07CF9}.Debug|Any CPU.ActiveCfg = Debug|Any CPU
		{03678470-CCAE-4746-897A-2A8323D07CF9}.Debug|Any CPU.Build.0 = Debug|Any CPU
		{03678470-CCAE-4746-897A-2A8323D07CF9}.Release|Any CPU.ActiveCfg = Release|Any CPU
		{03678470-CCAE-4746-897A-2A8323D07CF9}.Release|Any CPU.Build.0 = Release|Any CPU
		{7472B68D-50F4-4487-9FAE-38D820E9F2A3}.Debug|Any CPU.ActiveCfg = Debug|Any CPU
		{7472B68D-50F4-4487-9FAE-38D820E9F2A3}.Debug|Any CPU.Build.0 = Debug|Any CPU
		{7472B68D-50F4-4487-9FAE-38D820E9F2A3}.Release|Any CPU.ActiveCfg = Release|Any CPU
		{7472B68D-50F4-4487-9FAE-38D820E9F2A3}.Release|Any CPU.Build.0 = Release|Any CPU
	EndGlobalSection
	GlobalSection(SolutionProperties) = preSolution
		HideSolutionNode = FALSE
	EndGlobalSection
	GlobalSection(ExtensibilityGlobals) = postSolution
		SolutionGuid = {1806D63A-B91A-4668-8CEF-BF37FBD0170E}
	EndGlobalSection
EndGlobal
